// !$*UTF8*$!
{
	archiveVersion = 1;
	classes = {
	};
	objectVersion = 46;
	objects = {

/* Begin PBXBuildFile section */
		CC0AD91A1A9014C100112A3F /* AppDelegate.swift in Sources */ = {isa = PBXBuildFile; fileRef = CC0AD9191A9014C100112A3F /* AppDelegate.swift */; };
		CC0AD91C1A9014C100112A3F /* ViewController.swift in Sources */ = {isa = PBXBuildFile; fileRef = CC0AD91B1A9014C100112A3F /* ViewController.swift */; };
		CC0AD91F1A9014C100112A3F /* Main.storyboard in Resources */ = {isa = PBXBuildFile; fileRef = CC0AD91D1A9014C100112A3F /* Main.storyboard */; };
		CC0AD9211A9014C100112A3F /* Images.xcassets in Resources */ = {isa = PBXBuildFile; fileRef = CC0AD9201A9014C100112A3F /* Images.xcassets */; };
		CC0AD9241A9014C100112A3F /* LaunchScreen.xib in Resources */ = {isa = PBXBuildFile; fileRef = CC0AD9221A9014C100112A3F /* LaunchScreen.xib */; };
		CC0AD9301A9014C200112A3F /* Tip_CalculatorTests.swift in Sources */ = {isa = PBXBuildFile; fileRef = CC0AD92F1A9014C200112A3F /* Tip_CalculatorTests.swift */; };
/* End PBXBuildFile section */

/* Begin PBXContainerItemProxy section */
		CC0AD92A1A9014C100112A3F /* PBXContainerItemProxy */ = {
			isa = PBXContainerItemProxy;
			containerPortal = CC0AD90C1A9014C100112A3F /* Project object */;
			proxyType = 1;
			remoteGlobalIDString = CC0AD9131A9014C100112A3F;
			remoteInfo = "Tip Calculator";
		};
/* End PBXContainerItemProxy section */

/* Begin PBXFileReference section */
		CC0AD9141A9014C100112A3F /* Tip Calculator.app */ = {isa = PBXFileReference; explicitFileType = wrapper.application; includeInIndex = 0; path = "Tip Calculator.app"; sourceTree = BUILT_PRODUCTS_DIR; };
		CC0AD9181A9014C100112A3F /* Info.plist */ = {isa = PBXFileReference; lastKnownFileType = text.plist.xml; path = Info.plist; sourceTree = "<group>"; };
		CC0AD9191A9014C100112A3F /* AppDelegate.swift */ = {isa = PBXFileReference; lastKnownFileType = sourcecode.swift; path = AppDelegate.swift; sourceTree = "<group>"; };
		CC0AD91B1A9014C100112A3F /* ViewController.swift */ = {isa = PBXFileReference; lastKnownFileType = sourcecode.swift; path = ViewController.swift; sourceTree = "<group>"; };
		CC0AD91E1A9014C100112A3F /* Base */ = {isa = PBXFileReference; lastKnownFileType = file.storyboard; name = Base; path = Base.lproj/Main.storyboard; sourceTree = "<group>"; };
		CC0AD9201A9014C100112A3F /* Images.xcassets */ = {isa = PBXFileReference; lastKnownFileType = folder.assetcatalog; path = Images.xcassets; sourceTree = "<group>"; };
		CC0AD9231A9014C100112A3F /* Base */ = {isa = PBXFileReference; lastKnownFileType = file.xib; name = Base; path = Base.lproj/LaunchScreen.xib; sourceTree = "<group>"; };
		CC0AD9291A9014C100112A3F /* Tip CalculatorTests.xctest */ = {isa = PBXFileReference; explicitFileType = wrapper.cfbundle; includeInIndex = 0; path = "Tip CalculatorTests.xctest"; sourceTree = BUILT_PRODUCTS_DIR; };
		CC0AD92E1A9014C100112A3F /* Info.plist */ = {isa = PBXFileReference; lastKnownFileType = text.plist.xml; path = Info.plist; sourceTree = "<group>"; };
		CC0AD92F1A9014C200112A3F /* Tip_CalculatorTests.swift */ = {isa = PBXFileReference; lastKnownFileType = sourcecode.swift; path = Tip_CalculatorTests.swift; sourceTree = "<group>"; };
/* End PBXFileReference section */

/* Begin PBXFrameworksBuildPhase section */
		CC0AD9111A9014C100112A3F /* Frameworks */ = {
			isa = PBXFrameworksBuildPhase;
			buildActionMask = 2147483647;
			files = (
			);
			runOnlyForDeploymentPostprocessing = 0;
		};
		CC0AD9261A9014C100112A3F /* Frameworks */ = {
			isa = PBXFrameworksBuildPhase;
			buildActionMask = 2147483647;
			files = (
			);
			runOnlyForDeploymentPostprocessing = 0;
		};
/* End PBXFrameworksBuildPhase section */

/* Begin PBXGroup section */
		CC0AD90B1A9014C100112A3F = {
			isa = PBXGroup;
			children = (
				CC0AD9161A9014C100112A3F /* Tip Calculator */,
				CC0AD92C1A9014C100112A3F /* Tip CalculatorTests */,
				CC0AD9151A9014C100112A3F /* Products */,
			);
			sourceTree = "<group>";
		};
		CC0AD9151A9014C100112A3F /* Products */ = {
			isa = PBXGroup;
			children = (
				CC0AD9141A9014C100112A3F /* Tip Calculator.app */,
				CC0AD9291A9014C100112A3F /* Tip CalculatorTests.xctest */,
			);
			name = Products;
			sourceTree = "<group>";
		};
		CC0AD9161A9014C100112A3F /* Tip Calculator */ = {
			isa = PBXGroup;
			children = (
				CC0AD9191A9014C100112A3F /* AppDelegate.swift */,
				CC0AD91B1A9014C100112A3F /* ViewController.swift */,
				CC0AD91D1A9014C100112A3F /* Main.storyboard */,
				CC0AD9201A9014C100112A3F /* Images.xcassets */,
				CC0AD9221A9014C100112A3F /* LaunchScreen.xib */,
				CC0AD9171A9014C100112A3F /* Supporting Files */,
			);
			path = "Tip Calculator";
			sourceTree = "<group>";
		};
		CC0AD9171A9014C100112A3F /* Supporting Files */ = {
			isa = PBXGroup;
			children = (
				CC0AD9181A9014C100112A3F /* Info.plist */,
			);
			name = "Supporting Files";
			sourceTree = "<group>";
		};
		CC0AD92C1A9014C100112A3F /* Tip CalculatorTests */ = {
			isa = PBXGroup;
			children = (
				CC0AD92F1A9014C200112A3F /* Tip_CalculatorTests.swift */,
				CC0AD92D1A9014C100112A3F /* Supporting Files */,
			);
			path = "Tip CalculatorTests";
			sourceTree = "<group>";
		};
		CC0AD92D1A9014C100112A3F /* Supporting Files */ = {
			isa = PBXGroup;
			children = (
				CC0AD92E1A9014C100112A3F /* Info.plist */,
			);
			name = "Supporting Files";
			sourceTree = "<group>";
		};
/* End PBXGroup section */

/* Begin PBXNativeTarget section */
		CC0AD9131A9014C100112A3F /* Tip Calculator */ = {
			isa = PBXNativeTarget;
			buildConfigurationList = CC0AD9331A9014C200112A3F /* Build configuration list for PBXNativeTarget "Tip Calculator" */;
			buildPhases = (
				CC0AD9101A9014C100112A3F /* Sources */,
				CC0AD9111A9014C100112A3F /* Frameworks */,
				CC0AD9121A9014C100112A3F /* Resources */,
			);
			buildRules = (
			);
			dependencies = (
			);
			name = "Tip Calculator";
			productName = "Tip Calculator";
			productReference = CC0AD9141A9014C100112A3F /* Tip Calculator.app */;
			productType = "com.apple.product-type.application";
		};
		CC0AD9281A9014C100112A3F /* Tip CalculatorTests */ = {
			isa = PBXNativeTarget;
			buildConfigurationList = CC0AD9361A9014C200112A3F /* Build configuration list for PBXNativeTarget "Tip CalculatorTests" */;
			buildPhases = (
				CC0AD9251A9014C100112A3F /* Sources */,
				CC0AD9261A9014C100112A3F /* Frameworks */,
				CC0AD9271A9014C100112A3F /* Resources */,
			);
			buildRules = (
			);
			dependencies = (
				CC0AD92B1A9014C100112A3F /* PBXTargetDependency */,
			);
			name = "Tip CalculatorTests";
			productName = "Tip CalculatorTests";
			productReference = CC0AD9291A9014C100112A3F /* Tip CalculatorTests.xctest */;
			productType = "com.apple.product-type.bundle.unit-test";
		};
/* End PBXNativeTarget section */

/* Begin PBXProject section */
		CC0AD90C1A9014C100112A3F /* Project object */ = {
			isa = PBXProject;
			attributes = {
				LastSwiftUpdateCheck = 0710;
				LastUpgradeCheck = 0610;
				ORGANIZATIONNAME = "Mbusi Hlatshwayo";
				TargetAttributes = {
					CC0AD9131A9014C100112A3F = {
						CreatedOnToolsVersion = 6.1.1;
						DevelopmentTeam = 56R468N52S;
						LastSwiftMigration = 0830;
						ProvisioningStyle = Manual;
					};
					CC0AD9281A9014C100112A3F = {
						CreatedOnToolsVersion = 6.1.1;
						LastSwiftMigration = 0830;
						TestTargetID = CC0AD9131A9014C100112A3F;
					};
				};
			};
			buildConfigurationList = CC0AD90F1A9014C100112A3F /* Build configuration list for PBXProject "Tip Calculator" */;
			compatibilityVersion = "Xcode 3.2";
			developmentRegion = English;
			hasScannedForEncodings = 0;
			knownRegions = (
				en,
				Base,
			);
			mainGroup = CC0AD90B1A9014C100112A3F;
			productRefGroup = CC0AD9151A9014C100112A3F /* Products */;
			projectDirPath = "";
			projectRoot = "";
			targets = (
				CC0AD9131A9014C100112A3F /* Tip Calculator */,
				CC0AD9281A9014C100112A3F /* Tip CalculatorTests */,
			);
		};
/* End PBXProject section */

/* Begin PBXResourcesBuildPhase section */
		CC0AD9121A9014C100112A3F /* Resources */ = {
			isa = PBXResourcesBuildPhase;
			buildActionMask = 2147483647;
			files = (
				CC0AD91F1A9014C100112A3F /* Main.storyboard in Resources */,
				CC0AD9241A9014C100112A3F /* LaunchScreen.xib in Resources */,
				CC0AD9211A9014C100112A3F /* Images.xcassets in Resources */,
			);
			runOnlyForDeploymentPostprocessing = 0;
		};
		CC0AD9271A9014C100112A3F /* Resources */ = {
			isa = PBXResourcesBuildPhase;
			buildActionMask = 2147483647;
			files = (
			);
			runOnlyForDeploymentPostprocessing = 0;
		};
/* End PBXResourcesBuildPhase section */

/* Begin PBXSourcesBuildPhase section */
		CC0AD9101A9014C100112A3F /* Sources */ = {
			isa = PBXSourcesBuildPhase;
			buildActionMask = 2147483647;
			files = (
				CC0AD91C1A9014C100112A3F /* ViewController.swift in Sources */,
				CC0AD91A1A9014C100112A3F /* AppDelegate.swift in Sources */,
			);
			runOnlyForDeploymentPostprocessing = 0;
		};
		CC0AD9251A9014C100112A3F /* Sources */ = {
			isa = PBXSourcesBuildPhase;
			buildActionMask = 2147483647;
			files = (
				CC0AD9301A9014C200112A3F /* Tip_CalculatorTests.swift in Sources */,
			);
			runOnlyForDeploymentPostprocessing = 0;
		};
/* End PBXSourcesBuildPhase section */

/* Begin PBXTargetDependency section */
		CC0AD92B1A9014C100112A3F /* PBXTargetDependency */ = {
			isa = PBXTargetDependency;
			target = CC0AD9131A9014C100112A3F /* Tip Calculator */;
			targetProxy = CC0AD92A1A9014C100112A3F /* PBXContainerItemProxy */;
		};
/* End PBXTargetDependency section */

/* Begin PBXVariantGroup section */
		CC0AD91D1A9014C100112A3F /* Main.storyboard */ = {
			isa = PBXVariantGroup;
			children = (
				CC0AD91E1A9014C100112A3F /* Base */,
			);
			name = Main.storyboard;
			sourceTree = "<group>";
		};
		CC0AD9221A9014C100112A3F /* LaunchScreen.xib */ = {
			isa = PBXVariantGroup;
			children = (
				CC0AD9231A9014C100112A3F /* Base */,
			);
			name = LaunchScreen.xib;
			sourceTree = "<group>";
		};
/* End PBXVariantGroup section */

/* Begin XCBuildConfiguration section */
		CC0AD9311A9014C200112A3F /* Debug */ = {
			isa = XCBuildConfiguration;
			buildSettings = {
				ALWAYS_SEARCH_USER_PATHS = NO;
				CLANG_CXX_LANGUAGE_STANDARD = "gnu++0x";
				CLANG_CXX_LIBRARY = "libc++";
				CLANG_ENABLE_MODULES = YES;
				CLANG_ENABLE_OBJC_ARC = YES;
				CLANG_WARN_BOOL_CONVERSION = YES;
				CLANG_WARN_CONSTANT_CONVERSION = YES;
				CLANG_WARN_DIRECT_OBJC_ISA_USAGE = YES_ERROR;
				CLANG_WARN_EMPTY_BODY = YES;
				CLANG_WARN_ENUM_CONVERSION = YES;
				CLANG_WARN_INT_CONVERSION = YES;
				CLANG_WARN_OBJC_ROOT_CLASS = YES_ERROR;
				CLANG_WARN_UNREACHABLE_CODE = YES;
				CLANG_WARN__DUPLICATE_METHOD_MATCH = YES;
				"CODE_SIGN_IDENTITY[sdk=iphoneos*]" = "iPhone Developer";
				COPY_PHASE_STRIP = NO;
				ENABLE_STRICT_OBJC_MSGSEND = YES;
				GCC_C_LANGUAGE_STANDARD = gnu99;
				GCC_DYNAMIC_NO_PIC = NO;
				GCC_OPTIMIZATION_LEVEL = 0;
				GCC_PREPROCESSOR_DEFINITIONS = (
					"DEBUG=1",
					"$(inherited)",
				);
				GCC_SYMBOLS_PRIVATE_EXTERN = NO;
				GCC_WARN_64_TO_32_BIT_CONVERSION = YES;
				GCC_WARN_ABOUT_RETURN_TYPE = YES_ERROR;
				GCC_WARN_UNDECLARED_SELECTOR = YES;
				GCC_WARN_UNINITIALIZED_AUTOS = YES_AGGRESSIVE;
				GCC_WARN_UNUSED_FUNCTION = YES;
				GCC_WARN_UNUSED_VARIABLE = YES;
				IPHONEOS_DEPLOYMENT_TARGET = 8.1;
				MTL_ENABLE_DEBUG_INFO = YES;
				ONLY_ACTIVE_ARCH = YES;
				SDKROOT = iphoneos;
				SWIFT_OPTIMIZATION_LEVEL = "-Onone";
			};
			name = Debug;
		};
		CC0AD9321A9014C200112A3F /* Release */ = {
			isa = XCBuildConfiguration;
			buildSettings = {
				ALWAYS_SEARCH_USER_PATHS = NO;
				CLANG_CXX_LANGUAGE_STANDARD = "gnu++0x";
				CLANG_CXX_LIBRARY = "libc++";
				CLANG_ENABLE_MODULES = YES;
				CLANG_ENABLE_OBJC_ARC = YES;
				CLANG_WARN_BOOL_CONVERSION = YES;
				CLANG_WARN_CONSTANT_CONVERSION = YES;
				CLANG_WARN_DIRECT_OBJC_ISA_USAGE = YES_ERROR;
				CLANG_WARN_EMPTY_BODY = YES;
				CLANG_WARN_ENUM_CONVERSION = YES;
				CLANG_WARN_INT_CONVERSION = YES;
				CLANG_WARN_OBJC_ROOT_CLASS = YES_ERROR;
				CLANG_WARN_UNREACHABLE_CODE = YES;
				CLANG_WARN__DUPLICATE_METHOD_MATCH = YES;
				"CODE_SIGN_IDENTITY[sdk=iphoneos*]" = "iPhone Developer";
				COPY_PHASE_STRIP = YES;
				ENABLE_NS_ASSERTIONS = NO;
				ENABLE_STRICT_OBJC_MSGSEND = YES;
				GCC_C_LANGUAGE_STANDARD = gnu99;
				GCC_WARN_64_TO_32_BIT_CONVERSION = YES;
				GCC_WARN_ABOUT_RETURN_TYPE = YES_ERROR;
				GCC_WARN_UNDECLARED_SELECTOR = YES;
				GCC_WARN_UNINITIALIZED_AUTOS = YES_AGGRESSIVE;
				GCC_WARN_UNUSED_FUNCTION = YES;
				GCC_WARN_UNUSED_VARIABLE = YES;
				IPHONEOS_DEPLOYMENT_TARGET = 8.1;
				MTL_ENABLE_DEBUG_INFO = NO;
				SDKROOT = iphoneos;
				VALIDATE_PRODUCT = YES;
			};
			name = Release;
		};
		CC0AD9341A9014C200112A3F /* Debug */ = {
			isa = XCBuildConfiguration;
			buildSettings = {
				ASSETCATALOG_COMPILER_APPICON_NAME = AppIcon;
				"CODE_SIGN_IDENTITY[sdk=iphoneos*]" = "iPhone Distribution";
				DEVELOPMENT_TEAM = 56R468N52S;
				INFOPLIST_FILE = "Tip Calculator/Info.plist";
				LD_RUNPATH_SEARCH_PATHS = "$(inherited) @executable_path/Frameworks";
				PRODUCT_BUNDLE_IDENTIFIER = "com.pca.Tip-Calculator";
				PRODUCT_NAME = "$(TARGET_NAME)";
				PROVISIONING_PROFILE = "6b936305-817b-4bc7-8633-cf718a079b2e";
				PROVISIONING_PROFILE_SPECIFIER = TipCalcDist;
				SWIFT_VERSION = 3.0;
			};
			name = Debug;
		};
		CC0AD9351A9014C200112A3F /* Release */ = {
			isa = XCBuildConfiguration;
			buildSettings = {
				ASSETCATALOG_COMPILER_APPICON_NAME = AppIcon;
				CODE_SIGN_IDENTITY = "iPhone Distribution: Mbusi Hlatshwayo (56R468N52S)";
				"CODE_SIGN_IDENTITY[sdk=iphoneos*]" = "iPhone Distribution";
				DEVELOPMENT_TEAM = 56R468N52S;
				INFOPLIST_FILE = "Tip Calculator/Info.plist";
				LD_RUNPATH_SEARCH_PATHS = "$(inherited) @executable_path/Frameworks";
				PRODUCT_BUNDLE_IDENTIFIER = "com.pca.Tip-Calculator";
				PRODUCT_NAME = "$(TARGET_NAME)";
				PROVISIONING_PROFILE = "6b936305-817b-4bc7-8633-cf718a079b2e";
				PROVISIONING_PROFILE_SPECIFIER = TipCalcDist;
				SWIFT_VERSION = 3.0;
			};
			name = Release;
		};
		CC0AD9371A9014C200112A3F /* Debug */ = {
			isa = XCBuildConfiguration;
			buildSettings = {
				BUNDLE_LOADER = "$(TEST_HOST)";
				FRAMEWORK_SEARCH_PATHS = (
					"$(SDKROOT)/Developer/Library/Frameworks",
					"$(inherited)",
				);
				GCC_PREPROCESSOR_DEFINITIONS = (
					"DEBUG=1",
					"$(inherited)",
				);
				INFOPLIST_FILE = "Tip CalculatorTests/Info.plist";
				LD_RUNPATH_SEARCH_PATHS = "$(inherited) @executable_path/Frameworks @loader_path/Frameworks";
				PRODUCT_NAME = "$(TARGET_NAME)";
				SWIFT_VERSION = 3.0;
				TEST_HOST = "$(BUILT_PRODUCTS_DIR)/Tip Calculator.app/Tip Calculator";
			};
			name = Debug;
		};
		CC0AD9381A9014C200112A3F /* Release */ = {
			isa = XCBuildConfiguration;
			buildSettings = {
				BUNDLE_LOADER = "$(TEST_HOST)";
				FRAMEWORK_SEARCH_PATHS = (
					"$(SDKROOT)/Developer/Library/Frameworks",
					"$(inherited)",
				);
				INFOPLIST_FILE = "Tip CalculatorTests/Info.plist";
				LD_RUNPATH_SEARCH_PATHS = "$(inherited) @executable_path/Frameworks @loader_path/Frameworks";
				PRODUCT_NAME = "$(TARGET_NAME)";
				SWIFT_VERSION = 3.0;
				TEST_HOST = "$(BUILT_PRODUCTS_DIR)/Tip Calculator.app/Tip Calculator";
			};
			name = Release;
		};
/* End XCBuildConfiguration section */

/* Begin XCConfigurationList section */
		CC0AD90F1A9014C100112A3F /* Build configuration list for PBXProject "Tip Calculator" */ = {
			isa = XCConfigurationList;
			buildConfigurations = (
				CC0AD9311A9014C200112A3F /* Debug */,
				CC0AD9321A9014C200112A3F /* Release */,
			);
			defaultConfigurationIsVisible = 0;
			defaultConfigurationName = Release;
		};
		CC0AD9331A9014C200112A3F /* Build configuration list for PBXNativeTarget "Tip Calculator" */ = {
			isa = XCConfigurationList;
			buildConfigurations = (
				CC0AD9341A9014C200112A3F /* Debug */,
				CC0AD9351A9014C200112A3F /* Release */,
			);
			defaultConfigurationIsVisible = 0;
			defaultConfigurationName = Release;
		};
		CC0AD9361A9014C200112A3F /* Build configuration list for PBXNativeTarget "Tip CalculatorTests" */ = {
			isa = XCConfigurationList;
			buildConfigurations = (
				CC0AD9371A9014C200112A3F /* Debug */,
				CC0AD9381A9014C200112A3F /* Release */,
			);
			defaultConfigurationIsVisible = 0;
			defaultConfigurationName = Release;
		};
/* End XCConfigurationList section */
	};
	rootObject = CC0AD90C1A9014C100112A3F /* Project object */;
}
